
Microsoft Visual Studio Solution File, Format Version 12.00
# Visual Studio Version 17
VisualStudioVersion = 17.2.32630.192
MinimumVisualStudioVersion = 10.0.40219.1
Project("{FAE04EC0-301F-11D3-BF4B-00C04F79EFBC}") = "Exzamen", "Exzamen\Exzamen.csproj", "{DCF821DF-6FB7-41B3-B0E3-7E9E3EE8E7FB}"
EndProject
Project("{FAE04EC0-301F-11D3-BF4B-00C04F79EFBC}") = "TestProject", "TestProject\TestProject.csproj", "{C8FF7D4F-902F-4668-9C0A-B48AF2032FB8}"
EndProject
Global
	GlobalSection(SolutionConfigurationPlatforms) = preSolution
		Debug|Any CPU = Debug|Any CPU
		Release|Any CPU = Release|Any CPU
	EndGlobalSection
	GlobalSection(ProjectConfigurationPlatforms) = postSolution
		{DCF821DF-6FB7-41B3-B0E3-7E9E3EE8E7FB}.Debug|Any CPU.ActiveCfg = Debug|Any CPU
		{DCF821DF-6FB7-41B3-B0E3-7E9E3EE8E7FB}.Debug|Any CPU.Build.0 = Debug|Any CPU
		{DCF821DF-6FB7-41B3-B0E3-7E9E3EE8E7FB}.Release|Any CPU.ActiveCfg = Release|Any CPU
		{DCF821DF-6FB7-41B3-B0E3-7E9E3EE8E7FB}.Release|Any CPU.Build.0 = Release|Any CPU
		{C8FF7D4F-902F-4668-9C0A-B48AF2032FB8}.Debug|Any CPU.ActiveCfg = Debug|Any CPU
		{C8FF7D4F-902F-4668-9C0A-B48AF2032FB8}.Debug|Any CPU.Build.0 = Debug|Any CPU
		{C8FF7D4F-902F-4668-9C0A-B48AF2032FB8}.Release|Any CPU.ActiveCfg = Release|Any CPU
		{C8FF7D4F-902F-4668-9C0A-B48AF2032FB8}.Release|Any CPU.Build.0 = Release|Any CPU
	EndGlobalSection
	GlobalSection(SolutionProperties) = preSolution
		HideSolutionNode = FALSE
	EndGlobalSection
	GlobalSection(ExtensibilityGlobals) = postSolution
		SolutionGuid = {F514F211-D980-4294-90EF-4E673E452AD6}
	EndGlobalSection
EndGlobal
